// !$*UTF8*$!
{
	archiveVersion = 1;
	classes = {
	};
	objectVersion = 56;
	objects = {

/* Begin PBXBuildFile section */
		3429C6E72AE6D7BC00EF71C9 /* MovieRamaExtensions.swift in Sources */ = {isa = PBXBuildFile; fileRef = 3429C6E62AE6D7BC00EF71C9 /* MovieRamaExtensions.swift */; };
		3429C6E92AE6E99300EF71C9 /* MovieListPagination.swift in Sources */ = {isa = PBXBuildFile; fileRef = 3429C6E82AE6E99300EF71C9 /* MovieListPagination.swift */; };
		3433087A2AED0627006FEEBA /* MovieRamaRest.swift in Sources */ = {isa = PBXBuildFile; fileRef = 343308792AED0627006FEEBA /* MovieRamaRest.swift */; };
		343308812AED0AAB006FEEBA /* ApiMovie.swift in Sources */ = {isa = PBXBuildFile; fileRef = 3433087F2AED0AAB006FEEBA /* ApiMovie.swift */; };
		343308822AED0AAB006FEEBA /* ApiGetMoviesResponse.swift in Sources */ = {isa = PBXBuildFile; fileRef = 343308802AED0AAB006FEEBA /* ApiGetMoviesResponse.swift */; };
		343308842AED0B65006FEEBA /* PopularMoviesTransformer.swift in Sources */ = {isa = PBXBuildFile; fileRef = 343308832AED0B65006FEEBA /* PopularMoviesTransformer.swift */; };
		343308862AED0F7A006FEEBA /* GetMoviesResponse.swift in Sources */ = {isa = PBXBuildFile; fileRef = 343308852AED0F7A006FEEBA /* GetMoviesResponse.swift */; };
		343308882AED143D006FEEBA /* DateUtilities.swift in Sources */ = {isa = PBXBuildFile; fileRef = 343308872AED143D006FEEBA /* DateUtilities.swift */; };
		3433088C2AED43DF006FEEBA /* PaginationResult.swift in Sources */ = {isa = PBXBuildFile; fileRef = 3433088B2AED43DF006FEEBA /* PaginationResult.swift */; };
		343308942AEE4B0E006FEEBA /* MovieDetailsViewController.swift in Sources */ = {isa = PBXBuildFile; fileRef = 343308922AEE4B0E006FEEBA /* MovieDetailsViewController.swift */; };
		343308952AEE4B0E006FEEBA /* MovieDetailsViewController.xib in Resources */ = {isa = PBXBuildFile; fileRef = 343308932AEE4B0E006FEEBA /* MovieDetailsViewController.xib */; };
		343308972AEE4BB8006FEEBA /* MovieDetailsIntents.swift in Sources */ = {isa = PBXBuildFile; fileRef = 343308962AEE4BB8006FEEBA /* MovieDetailsIntents.swift */; };
		343308992AEE4BDC006FEEBA /* MovieDetailsStates.swift in Sources */ = {isa = PBXBuildFile; fileRef = 343308982AEE4BDC006FEEBA /* MovieDetailsStates.swift */; };
		3433089B2AEE4BE9006FEEBA /* MovieDetailsViewModel.swift in Sources */ = {isa = PBXBuildFile; fileRef = 3433089A2AEE4BE9006FEEBA /* MovieDetailsViewModel.swift */; };
		3433089D2AEE4F2F006FEEBA /* DetailCustomView.swift in Sources */ = {isa = PBXBuildFile; fileRef = 3433089C2AEE4F2F006FEEBA /* DetailCustomView.swift */; };
		343308A02AEE4F4A006FEEBA /* DetailCustomView.xib in Resources */ = {isa = PBXBuildFile; fileRef = 3433089F2AEE4F4A006FEEBA /* DetailCustomView.xib */; };
		343308A32AEE532C006FEEBA /* DetailFieldValues.swift in Sources */ = {isa = PBXBuildFile; fileRef = 343308A22AEE532C006FEEBA /* DetailFieldValues.swift */; };
		343308A72AEE5C39006FEEBA /* SimilarMovieCollectionViewCell.swift in Sources */ = {isa = PBXBuildFile; fileRef = 343308A52AEE5C39006FEEBA /* SimilarMovieCollectionViewCell.swift */; };
		343308A82AEE5C39006FEEBA /* SimilarMovieCollectionViewCell.xib in Resources */ = {isa = PBXBuildFile; fileRef = 343308A62AEE5C39006FEEBA /* SimilarMovieCollectionViewCell.xib */; };
		343308AA2AEE690A006FEEBA /* FavoriteView.swift in Sources */ = {isa = PBXBuildFile; fileRef = 343308A92AEE690A006FEEBA /* FavoriteView.swift */; };
		343308AD2AEE6926006FEEBA /* FavoriteView.xib in Resources */ = {isa = PBXBuildFile; fileRef = 343308AC2AEE6926006FEEBA /* FavoriteView.xib */; };
		343B8ED02AE8244100DA63D4 /* SplashScreenViewController.swift in Sources */ = {isa = PBXBuildFile; fileRef = 343B8ECE2AE8244100DA63D4 /* SplashScreenViewController.swift */; };
		3441C5152AE562890025DDE0 /* AppDelegate.swift in Sources */ = {isa = PBXBuildFile; fileRef = 3441C5142AE562890025DDE0 /* AppDelegate.swift */; };
		3441C5172AE562890025DDE0 /* SceneDelegate.swift in Sources */ = {isa = PBXBuildFile; fileRef = 3441C5162AE562890025DDE0 /* SceneDelegate.swift */; };
		3441C51E2AE5628B0025DDE0 /* Assets.xcassets in Resources */ = {isa = PBXBuildFile; fileRef = 3441C51D2AE5628B0025DDE0 /* Assets.xcassets */; };
		3441C5212AE5628B0025DDE0 /* LaunchScreen.storyboard in Resources */ = {isa = PBXBuildFile; fileRef = 3441C51F2AE5628B0025DDE0 /* LaunchScreen.storyboard */; };
		3441C52C2AE5628C0025DDE0 /* MovieRamaTests.swift in Sources */ = {isa = PBXBuildFile; fileRef = 3441C52B2AE5628C0025DDE0 /* MovieRamaTests.swift */; };
		3441C5362AE5628C0025DDE0 /* MovieRamaUITests.swift in Sources */ = {isa = PBXBuildFile; fileRef = 3441C5352AE5628C0025DDE0 /* MovieRamaUITests.swift */; };
		3441C5382AE5628C0025DDE0 /* MovieRamaUITestsLaunchTests.swift in Sources */ = {isa = PBXBuildFile; fileRef = 3441C5372AE5628C0025DDE0 /* MovieRamaUITestsLaunchTests.swift */; };
		3441C5482AE563620025DDE0 /* MovieListViewController.swift in Sources */ = {isa = PBXBuildFile; fileRef = 3441C5462AE563620025DDE0 /* MovieListViewController.swift */; };
		3441C5492AE563620025DDE0 /* MovieListViewController.xib in Resources */ = {isa = PBXBuildFile; fileRef = 3441C5472AE563620025DDE0 /* MovieListViewController.xib */; };
		3441C54D2AE58DAE0025DDE0 /* MovieTableViewCell.swift in Sources */ = {isa = PBXBuildFile; fileRef = 3441C54B2AE58DAE0025DDE0 /* MovieTableViewCell.swift */; };
		3441C54E2AE58DAE0025DDE0 /* MovieTableViewCell.xib in Resources */ = {isa = PBXBuildFile; fileRef = 3441C54C2AE58DAE0025DDE0 /* MovieTableViewCell.xib */; };
		3441C5512AE590CD0025DDE0 /* RatingView.swift in Sources */ = {isa = PBXBuildFile; fileRef = 3441C5502AE590CD0025DDE0 /* RatingView.swift */; };
		3441C5532AE590DA0025DDE0 /* RatingView.xib in Resources */ = {isa = PBXBuildFile; fileRef = 3441C5522AE590DA0025DDE0 /* RatingView.xib */; };
		3441C5562AE593D60025DDE0 /* MovieRamaEnums.swift in Sources */ = {isa = PBXBuildFile; fileRef = 3441C5552AE593D60025DDE0 /* MovieRamaEnums.swift */; };
		3441C5582AE594520025DDE0 /* MovieRamaConstants.swift in Sources */ = {isa = PBXBuildFile; fileRef = 3441C5572AE594520025DDE0 /* MovieRamaConstants.swift */; };
		3441C55A2AE5A97D0025DDE0 /* Movie.swift in Sources */ = {isa = PBXBuildFile; fileRef = 3441C5592AE5A97D0025DDE0 /* Movie.swift */; };
		3441C55C2AE5BB5A0025DDE0 /* MovieRamaHelper.swift in Sources */ = {isa = PBXBuildFile; fileRef = 3441C55B2AE5BB5A0025DDE0 /* MovieRamaHelper.swift */; };
		3441C55F2AE5C5D40025DDE0 /* MovieListIntents.swift in Sources */ = {isa = PBXBuildFile; fileRef = 3441C55E2AE5C5D40025DDE0 /* MovieListIntents.swift */; };
		3441C5612AE5C5E10025DDE0 /* MovieListStates.swift in Sources */ = {isa = PBXBuildFile; fileRef = 3441C5602AE5C5E10025DDE0 /* MovieListStates.swift */; };
		3441C5632AE5C5EC0025DDE0 /* MovieListViewModel.swift in Sources */ = {isa = PBXBuildFile; fileRef = 3441C5622AE5C5EC0025DDE0 /* MovieListViewModel.swift */; };
		3441C5652AE5CF910025DDE0 /* StarView.swift in Sources */ = {isa = PBXBuildFile; fileRef = 3441C5642AE5CF910025DDE0 /* StarView.swift */; };
		34659DF92AE98A99002E92B3 /* MovieRamaSingleton.swift in Sources */ = {isa = PBXBuildFile; fileRef = 34659DF82AE98A99002E92B3 /* MovieRamaSingleton.swift */; };
		34659E052AE9CD1E002E92B3 /* LoadingTableViewCell.swift in Sources */ = {isa = PBXBuildFile; fileRef = 34659E032AE9CD1E002E92B3 /* LoadingTableViewCell.swift */; };
		34659E062AE9CD1E002E92B3 /* LoadingTableViewCell.xib in Resources */ = {isa = PBXBuildFile; fileRef = 34659E042AE9CD1E002E92B3 /* LoadingTableViewCell.xib */; };
/* End PBXBuildFile section */

/* Begin PBXContainerItemProxy section */
		3441C5282AE5628C0025DDE0 /* PBXContainerItemProxy */ = {
			isa = PBXContainerItemProxy;
			containerPortal = 3441C5092AE562890025DDE0 /* Project object */;
			proxyType = 1;
			remoteGlobalIDString = 3441C5102AE562890025DDE0;
			remoteInfo = MovieRama;
		};
		3441C5322AE5628C0025DDE0 /* PBXContainerItemProxy */ = {
			isa = PBXContainerItemProxy;
			containerPortal = 3441C5092AE562890025DDE0 /* Project object */;
			proxyType = 1;
			remoteGlobalIDString = 3441C5102AE562890025DDE0;
			remoteInfo = MovieRama;
		};
/* End PBXContainerItemProxy section */

/* Begin PBXFileReference section */
		3429C6E62AE6D7BC00EF71C9 /* MovieRamaExtensions.swift */ = {isa = PBXFileReference; lastKnownFileType = sourcecode.swift; path = MovieRamaExtensions.swift; sourceTree = "<group>"; };
		3429C6E82AE6E99300EF71C9 /* MovieListPagination.swift */ = {isa = PBXFileReference; lastKnownFileType = sourcecode.swift; path = MovieListPagination.swift; sourceTree = "<group>"; };
		343308792AED0627006FEEBA /* MovieRamaRest.swift */ = {isa = PBXFileReference; lastKnownFileType = sourcecode.swift; path = MovieRamaRest.swift; sourceTree = "<group>"; };
		3433087F2AED0AAB006FEEBA /* ApiMovie.swift */ = {isa = PBXFileReference; fileEncoding = 4; lastKnownFileType = sourcecode.swift; path = ApiMovie.swift; sourceTree = "<group>"; };
		343308802AED0AAB006FEEBA /* ApiGetMoviesResponse.swift */ = {isa = PBXFileReference; fileEncoding = 4; lastKnownFileType = sourcecode.swift; path = ApiGetMoviesResponse.swift; sourceTree = "<group>"; };
		343308832AED0B65006FEEBA /* PopularMoviesTransformer.swift */ = {isa = PBXFileReference; lastKnownFileType = sourcecode.swift; path = PopularMoviesTransformer.swift; sourceTree = "<group>"; };
		343308852AED0F7A006FEEBA /* GetMoviesResponse.swift */ = {isa = PBXFileReference; lastKnownFileType = sourcecode.swift; path = GetMoviesResponse.swift; sourceTree = "<group>"; };
		343308872AED143D006FEEBA /* DateUtilities.swift */ = {isa = PBXFileReference; lastKnownFileType = sourcecode.swift; path = DateUtilities.swift; sourceTree = "<group>"; };
		3433088B2AED43DF006FEEBA /* PaginationResult.swift */ = {isa = PBXFileReference; lastKnownFileType = sourcecode.swift; path = PaginationResult.swift; sourceTree = "<group>"; };
		343308922AEE4B0E006FEEBA /* MovieDetailsViewController.swift */ = {isa = PBXFileReference; lastKnownFileType = sourcecode.swift; path = MovieDetailsViewController.swift; sourceTree = "<group>"; };
		343308932AEE4B0E006FEEBA /* MovieDetailsViewController.xib */ = {isa = PBXFileReference; lastKnownFileType = file.xib; path = MovieDetailsViewController.xib; sourceTree = "<group>"; };
		343308962AEE4BB8006FEEBA /* MovieDetailsIntents.swift */ = {isa = PBXFileReference; lastKnownFileType = sourcecode.swift; path = MovieDetailsIntents.swift; sourceTree = "<group>"; };
		343308982AEE4BDC006FEEBA /* MovieDetailsStates.swift */ = {isa = PBXFileReference; lastKnownFileType = sourcecode.swift; path = MovieDetailsStates.swift; sourceTree = "<group>"; };
		3433089A2AEE4BE9006FEEBA /* MovieDetailsViewModel.swift */ = {isa = PBXFileReference; lastKnownFileType = sourcecode.swift; path = MovieDetailsViewModel.swift; sourceTree = "<group>"; };
		3433089C2AEE4F2F006FEEBA /* DetailCustomView.swift */ = {isa = PBXFileReference; lastKnownFileType = sourcecode.swift; path = DetailCustomView.swift; sourceTree = "<group>"; };
		3433089F2AEE4F4A006FEEBA /* DetailCustomView.xib */ = {isa = PBXFileReference; lastKnownFileType = file.xib; path = DetailCustomView.xib; sourceTree = "<group>"; };
		343308A22AEE532C006FEEBA /* DetailFieldValues.swift */ = {isa = PBXFileReference; lastKnownFileType = sourcecode.swift; path = DetailFieldValues.swift; sourceTree = "<group>"; };
		343308A52AEE5C39006FEEBA /* SimilarMovieCollectionViewCell.swift */ = {isa = PBXFileReference; lastKnownFileType = sourcecode.swift; path = SimilarMovieCollectionViewCell.swift; sourceTree = "<group>"; };
		343308A62AEE5C39006FEEBA /* SimilarMovieCollectionViewCell.xib */ = {isa = PBXFileReference; lastKnownFileType = file.xib; path = SimilarMovieCollectionViewCell.xib; sourceTree = "<group>"; };
		343308A92AEE690A006FEEBA /* FavoriteView.swift */ = {isa = PBXFileReference; lastKnownFileType = sourcecode.swift; path = FavoriteView.swift; sourceTree = "<group>"; };
		343308AC2AEE6926006FEEBA /* FavoriteView.xib */ = {isa = PBXFileReference; lastKnownFileType = file.xib; path = FavoriteView.xib; sourceTree = "<group>"; };
		343B8ECE2AE8244100DA63D4 /* SplashScreenViewController.swift */ = {isa = PBXFileReference; lastKnownFileType = sourcecode.swift; path = SplashScreenViewController.swift; sourceTree = "<group>"; };
		3441C5112AE562890025DDE0 /* MovieRama.app */ = {isa = PBXFileReference; explicitFileType = wrapper.application; includeInIndex = 0; path = MovieRama.app; sourceTree = BUILT_PRODUCTS_DIR; };
		3441C5142AE562890025DDE0 /* AppDelegate.swift */ = {isa = PBXFileReference; lastKnownFileType = sourcecode.swift; path = AppDelegate.swift; sourceTree = "<group>"; };
		3441C5162AE562890025DDE0 /* SceneDelegate.swift */ = {isa = PBXFileReference; lastKnownFileType = sourcecode.swift; path = SceneDelegate.swift; sourceTree = "<group>"; };
		3441C51D2AE5628B0025DDE0 /* Assets.xcassets */ = {isa = PBXFileReference; lastKnownFileType = folder.assetcatalog; path = Assets.xcassets; sourceTree = "<group>"; };
		3441C5202AE5628B0025DDE0 /* Base */ = {isa = PBXFileReference; lastKnownFileType = file.storyboard; name = Base; path = Base.lproj/LaunchScreen.storyboard; sourceTree = "<group>"; };
		3441C5222AE5628B0025DDE0 /* Info.plist */ = {isa = PBXFileReference; lastKnownFileType = text.plist.xml; path = Info.plist; sourceTree = "<group>"; };
		3441C5272AE5628C0025DDE0 /* MovieRamaTests.xctest */ = {isa = PBXFileReference; explicitFileType = wrapper.cfbundle; includeInIndex = 0; path = MovieRamaTests.xctest; sourceTree = BUILT_PRODUCTS_DIR; };
		3441C52B2AE5628C0025DDE0 /* MovieRamaTests.swift */ = {isa = PBXFileReference; lastKnownFileType = sourcecode.swift; path = MovieRamaTests.swift; sourceTree = "<group>"; };
		3441C5312AE5628C0025DDE0 /* MovieRamaUITests.xctest */ = {isa = PBXFileReference; explicitFileType = wrapper.cfbundle; includeInIndex = 0; path = MovieRamaUITests.xctest; sourceTree = BUILT_PRODUCTS_DIR; };
		3441C5352AE5628C0025DDE0 /* MovieRamaUITests.swift */ = {isa = PBXFileReference; lastKnownFileType = sourcecode.swift; path = MovieRamaUITests.swift; sourceTree = "<group>"; };
		3441C5372AE5628C0025DDE0 /* MovieRamaUITestsLaunchTests.swift */ = {isa = PBXFileReference; lastKnownFileType = sourcecode.swift; path = MovieRamaUITestsLaunchTests.swift; sourceTree = "<group>"; };
		3441C5462AE563620025DDE0 /* MovieListViewController.swift */ = {isa = PBXFileReference; lastKnownFileType = sourcecode.swift; path = MovieListViewController.swift; sourceTree = "<group>"; };
		3441C5472AE563620025DDE0 /* MovieListViewController.xib */ = {isa = PBXFileReference; lastKnownFileType = file.xib; path = MovieListViewController.xib; sourceTree = "<group>"; };
		3441C54A2AE563C50025DDE0 /* MovieRama.xctestplan */ = {isa = PBXFileReference; lastKnownFileType = text; path = MovieRama.xctestplan; sourceTree = "<group>"; };
		3441C54B2AE58DAE0025DDE0 /* MovieTableViewCell.swift */ = {isa = PBXFileReference; lastKnownFileType = sourcecode.swift; path = MovieTableViewCell.swift; sourceTree = "<group>"; };
		3441C54C2AE58DAE0025DDE0 /* MovieTableViewCell.xib */ = {isa = PBXFileReference; lastKnownFileType = file.xib; path = MovieTableViewCell.xib; sourceTree = "<group>"; };
		3441C5502AE590CD0025DDE0 /* RatingView.swift */ = {isa = PBXFileReference; lastKnownFileType = sourcecode.swift; path = RatingView.swift; sourceTree = "<group>"; };
		3441C5522AE590DA0025DDE0 /* RatingView.xib */ = {isa = PBXFileReference; lastKnownFileType = file.xib; path = RatingView.xib; sourceTree = "<group>"; };
		3441C5552AE593D60025DDE0 /* MovieRamaEnums.swift */ = {isa = PBXFileReference; lastKnownFileType = sourcecode.swift; path = MovieRamaEnums.swift; sourceTree = "<group>"; };
		3441C5572AE594520025DDE0 /* MovieRamaConstants.swift */ = {isa = PBXFileReference; lastKnownFileType = sourcecode.swift; path = MovieRamaConstants.swift; sourceTree = "<group>"; };
		3441C5592AE5A97D0025DDE0 /* Movie.swift */ = {isa = PBXFileReference; lastKnownFileType = sourcecode.swift; path = Movie.swift; sourceTree = "<group>"; };
		3441C55B2AE5BB5A0025DDE0 /* MovieRamaHelper.swift */ = {isa = PBXFileReference; lastKnownFileType = sourcecode.swift; path = MovieRamaHelper.swift; sourceTree = "<group>"; };
		3441C55E2AE5C5D40025DDE0 /* MovieListIntents.swift */ = {isa = PBXFileReference; lastKnownFileType = sourcecode.swift; path = MovieListIntents.swift; sourceTree = "<group>"; };
		3441C5602AE5C5E10025DDE0 /* MovieListStates.swift */ = {isa = PBXFileReference; lastKnownFileType = sourcecode.swift; path = MovieListStates.swift; sourceTree = "<group>"; };
		3441C5622AE5C5EC0025DDE0 /* MovieListViewModel.swift */ = {isa = PBXFileReference; lastKnownFileType = sourcecode.swift; path = MovieListViewModel.swift; sourceTree = "<group>"; };
		3441C5642AE5CF910025DDE0 /* StarView.swift */ = {isa = PBXFileReference; lastKnownFileType = sourcecode.swift; path = StarView.swift; sourceTree = "<group>"; };
		34659DF82AE98A99002E92B3 /* MovieRamaSingleton.swift */ = {isa = PBXFileReference; lastKnownFileType = sourcecode.swift; path = MovieRamaSingleton.swift; sourceTree = "<group>"; };
		34659E032AE9CD1E002E92B3 /* LoadingTableViewCell.swift */ = {isa = PBXFileReference; lastKnownFileType = sourcecode.swift; path = LoadingTableViewCell.swift; sourceTree = "<group>"; };
		34659E042AE9CD1E002E92B3 /* LoadingTableViewCell.xib */ = {isa = PBXFileReference; lastKnownFileType = file.xib; path = LoadingTableViewCell.xib; sourceTree = "<group>"; };
/* End PBXFileReference section */

/* Begin PBXFrameworksBuildPhase section */
		3441C50E2AE562890025DDE0 /* Frameworks */ = {
			isa = PBXFrameworksBuildPhase;
			buildActionMask = 2147483647;
			files = (
			);
			runOnlyForDeploymentPostprocessing = 0;
		};
		3441C5242AE5628C0025DDE0 /* Frameworks */ = {
			isa = PBXFrameworksBuildPhase;
			buildActionMask = 2147483647;
			files = (
			);
			runOnlyForDeploymentPostprocessing = 0;
		};
		3441C52E2AE5628C0025DDE0 /* Frameworks */ = {
			isa = PBXFrameworksBuildPhase;
			buildActionMask = 2147483647;
			files = (
			);
			runOnlyForDeploymentPostprocessing = 0;
		};
/* End PBXFrameworksBuildPhase section */

/* Begin PBXGroup section */
		3429C6E52AE6D79200EF71C9 /* Utilities */ = {
			isa = PBXGroup;
			children = (
				3441C55B2AE5BB5A0025DDE0 /* MovieRamaHelper.swift */,
				3429C6E62AE6D7BC00EF71C9 /* MovieRamaExtensions.swift */,
				34659DF82AE98A99002E92B3 /* MovieRamaSingleton.swift */,
				3429C6E82AE6E99300EF71C9 /* MovieListPagination.swift */,
				343308792AED0627006FEEBA /* MovieRamaRest.swift */,
				343308872AED143D006FEEBA /* DateUtilities.swift */,
			);
			path = Utilities;
			sourceTree = "<group>";
		};
		3433087B2AED0A28006FEEBA /* APIModels */ = {
			isa = PBXGroup;
			children = (
				3433087C2AED0A47006FEEBA /* RequestModels */,
				3433087D2AED0A52006FEEBA /* ResponseModels */,
			);
			path = APIModels;
			sourceTree = "<group>";
		};
		3433087C2AED0A47006FEEBA /* RequestModels */ = {
			isa = PBXGroup;
			children = (
			);
			path = RequestModels;
			sourceTree = "<group>";
		};
		3433087D2AED0A52006FEEBA /* ResponseModels */ = {
			isa = PBXGroup;
			children = (
				3433087E2AED0A95006FEEBA /* Popular */,
			);
			path = ResponseModels;
			sourceTree = "<group>";
		};
		3433087E2AED0A95006FEEBA /* Popular */ = {
			isa = PBXGroup;
			children = (
				343308802AED0AAB006FEEBA /* ApiGetMoviesResponse.swift */,
				3433087F2AED0AAB006FEEBA /* ApiMovie.swift */,
				343308832AED0B65006FEEBA /* PopularMoviesTransformer.swift */,
			);
			path = Popular;
			sourceTree = "<group>";
		};
		3433088D2AED62AC006FEEBA /* DomainModels */ = {
			isa = PBXGroup;
			children = (
				343308902AED6314006FEEBA /* RequestModels */,
				3433088E2AED62F0006FEEBA /* ResponseModels */,
			);
			path = DomainModels;
			sourceTree = "<group>";
		};
		3433088E2AED62F0006FEEBA /* ResponseModels */ = {
			isa = PBXGroup;
			children = (
				3433088F2AED62F9006FEEBA /* Popular */,
			);
			path = ResponseModels;
			sourceTree = "<group>";
		};
		3433088F2AED62F9006FEEBA /* Popular */ = {
			isa = PBXGroup;
			children = (
				343308852AED0F7A006FEEBA /* GetMoviesResponse.swift */,
			);
			path = Popular;
			sourceTree = "<group>";
		};
		343308902AED6314006FEEBA /* RequestModels */ = {
			isa = PBXGroup;
			children = (
			);
			path = RequestModels;
			sourceTree = "<group>";
		};
		343308912AEE4AEB006FEEBA /* MovieDetails */ = {
			isa = PBXGroup;
			children = (
				343308922AEE4B0E006FEEBA /* MovieDetailsViewController.swift */,
				343308932AEE4B0E006FEEBA /* MovieDetailsViewController.xib */,
				343308962AEE4BB8006FEEBA /* MovieDetailsIntents.swift */,
				343308982AEE4BDC006FEEBA /* MovieDetailsStates.swift */,
				3433089A2AEE4BE9006FEEBA /* MovieDetailsViewModel.swift */,
			);
			path = MovieDetails;
			sourceTree = "<group>";
		};
		3433089E2AEE4F37006FEEBA /* DetailCustomView */ = {
			isa = PBXGroup;
			children = (
				3433089C2AEE4F2F006FEEBA /* DetailCustomView.swift */,
				3433089F2AEE4F4A006FEEBA /* DetailCustomView.xib */,
			);
			path = DetailCustomView;
			sourceTree = "<group>";
		};
		343308A42AEE5C16006FEEBA /* CollectionViewCells */ = {
			isa = PBXGroup;
			children = (
				343308A52AEE5C39006FEEBA /* SimilarMovieCollectionViewCell.swift */,
				343308A62AEE5C39006FEEBA /* SimilarMovieCollectionViewCell.xib */,
			);
			path = CollectionViewCells;
			sourceTree = "<group>";
		};
		343308AB2AEE690E006FEEBA /* FavoriteView */ = {
			isa = PBXGroup;
			children = (
				343308A92AEE690A006FEEBA /* FavoriteView.swift */,
				343308AC2AEE6926006FEEBA /* FavoriteView.xib */,
			);
			path = FavoriteView;
			sourceTree = "<group>";
		};
		343B8ECD2AE8242600DA63D4 /* SplashScreen */ = {
			isa = PBXGroup;
			children = (
				343B8ECE2AE8244100DA63D4 /* SplashScreenViewController.swift */,
			);
			path = SplashScreen;
			sourceTree = "<group>";
		};
		3441C5082AE562890025DDE0 = {
			isa = PBXGroup;
			children = (
				3441C54A2AE563C50025DDE0 /* MovieRama.xctestplan */,
				3441C5132AE562890025DDE0 /* MovieRama */,
				3441C52A2AE5628C0025DDE0 /* MovieRamaTests */,
				3441C5342AE5628C0025DDE0 /* MovieRamaUITests */,
				3441C5122AE562890025DDE0 /* Products */,
			);
			sourceTree = "<group>";
		};
		3441C5122AE562890025DDE0 /* Products */ = {
			isa = PBXGroup;
			children = (
				3441C5112AE562890025DDE0 /* MovieRama.app */,
				3441C5272AE5628C0025DDE0 /* MovieRamaTests.xctest */,
				3441C5312AE5628C0025DDE0 /* MovieRamaUITests.xctest */,
			);
			name = Products;
			sourceTree = "<group>";
		};
		3441C5132AE562890025DDE0 /* MovieRama */ = {
			isa = PBXGroup;
			children = (
				3441C5452AE5633B0025DDE0 /* ViewControllers */,
				3441C5442AE563300025DDE0 /* TableViewCells */,
				343308A42AEE5C16006FEEBA /* CollectionViewCells */,
				3441C54F2AE590A60025DDE0 /* CustomViews */,
				3441C5542AE593A50025DDE0 /* MovieRamaModels */,
				3429C6E52AE6D79200EF71C9 /* Utilities */,
				3441C5142AE562890025DDE0 /* AppDelegate.swift */,
				3441C5162AE562890025DDE0 /* SceneDelegate.swift */,
				3441C51D2AE5628B0025DDE0 /* Assets.xcassets */,
				3441C51F2AE5628B0025DDE0 /* LaunchScreen.storyboard */,
				3441C5222AE5628B0025DDE0 /* Info.plist */,
			);
			path = MovieRama;
			sourceTree = "<group>";
		};
		3441C52A2AE5628C0025DDE0 /* MovieRamaTests */ = {
			isa = PBXGroup;
			children = (
				3441C52B2AE5628C0025DDE0 /* MovieRamaTests.swift */,
			);
			path = MovieRamaTests;
			sourceTree = "<group>";
		};
		3441C5342AE5628C0025DDE0 /* MovieRamaUITests */ = {
			isa = PBXGroup;
			children = (
				3441C5352AE5628C0025DDE0 /* MovieRamaUITests.swift */,
				3441C5372AE5628C0025DDE0 /* MovieRamaUITestsLaunchTests.swift */,
			);
			path = MovieRamaUITests;
			sourceTree = "<group>";
		};
		3441C5442AE563300025DDE0 /* TableViewCells */ = {
			isa = PBXGroup;
			children = (
				34659E022AE9CCF8002E92B3 /* LoadingTableViewCell */,
				34659E012AE9C38A002E92B3 /* MovieTableViewCell */,
			);
			path = TableViewCells;
			sourceTree = "<group>";
		};
		3441C5452AE5633B0025DDE0 /* ViewControllers */ = {
			isa = PBXGroup;
			children = (
				343B8ECD2AE8242600DA63D4 /* SplashScreen */,
				3441C55D2AE5C5AF0025DDE0 /* MovieList */,
				343308912AEE4AEB006FEEBA /* MovieDetails */,
			);
			path = ViewControllers;
			sourceTree = "<group>";
		};
		3441C54F2AE590A60025DDE0 /* CustomViews */ = {
			isa = PBXGroup;
			children = (
				343308AB2AEE690E006FEEBA /* FavoriteView */,
				3433089E2AEE4F37006FEEBA /* DetailCustomView */,
				34659DFE2AE9C339002E92B3 /* RatingView */,
				34659DFF2AE9C34F002E92B3 /* StarView */,
			);
			path = CustomViews;
			sourceTree = "<group>";
		};
		3441C5542AE593A50025DDE0 /* MovieRamaModels */ = {
			isa = PBXGroup;
			children = (
				3433088D2AED62AC006FEEBA /* DomainModels */,
				3433087B2AED0A28006FEEBA /* APIModels */,
				3441C5552AE593D60025DDE0 /* MovieRamaEnums.swift */,
				3441C5572AE594520025DDE0 /* MovieRamaConstants.swift */,
				3441C5592AE5A97D0025DDE0 /* Movie.swift */,
				3433088B2AED43DF006FEEBA /* PaginationResult.swift */,
				343308A22AEE532C006FEEBA /* DetailFieldValues.swift */,
			);
			path = MovieRamaModels;
			sourceTree = "<group>";
		};
		3441C55D2AE5C5AF0025DDE0 /* MovieList */ = {
			isa = PBXGroup;
			children = (
				3441C5462AE563620025DDE0 /* MovieListViewController.swift */,
				3441C5472AE563620025DDE0 /* MovieListViewController.xib */,
				3441C55E2AE5C5D40025DDE0 /* MovieListIntents.swift */,
				3441C5602AE5C5E10025DDE0 /* MovieListStates.swift */,
				3441C5622AE5C5EC0025DDE0 /* MovieListViewModel.swift */,
			);
			path = MovieList;
			sourceTree = "<group>";
		};
		34659DFE2AE9C339002E92B3 /* RatingView */ = {
			isa = PBXGroup;
			children = (
				3441C5502AE590CD0025DDE0 /* RatingView.swift */,
				3441C5522AE590DA0025DDE0 /* RatingView.xib */,
			);
			path = RatingView;
			sourceTree = "<group>";
		};
		34659DFF2AE9C34F002E92B3 /* StarView */ = {
			isa = PBXGroup;
			children = (
				3441C5642AE5CF910025DDE0 /* StarView.swift */,
			);
			path = StarView;
			sourceTree = "<group>";
		};
		34659E012AE9C38A002E92B3 /* MovieTableViewCell */ = {
			isa = PBXGroup;
			children = (
				3441C54B2AE58DAE0025DDE0 /* MovieTableViewCell.swift */,
				3441C54C2AE58DAE0025DDE0 /* MovieTableViewCell.xib */,
			);
			path = MovieTableViewCell;
			sourceTree = "<group>";
		};
		34659E022AE9CCF8002E92B3 /* LoadingTableViewCell */ = {
			isa = PBXGroup;
			children = (
				34659E032AE9CD1E002E92B3 /* LoadingTableViewCell.swift */,
				34659E042AE9CD1E002E92B3 /* LoadingTableViewCell.xib */,
			);
			path = LoadingTableViewCell;
			sourceTree = "<group>";
		};
/* End PBXGroup section */

/* Begin PBXNativeTarget section */
		3441C5102AE562890025DDE0 /* MovieRama */ = {
			isa = PBXNativeTarget;
			buildConfigurationList = 3441C53B2AE5628C0025DDE0 /* Build configuration list for PBXNativeTarget "MovieRama" */;
			buildPhases = (
				3441C50D2AE562890025DDE0 /* Sources */,
				3441C50E2AE562890025DDE0 /* Frameworks */,
				3441C50F2AE562890025DDE0 /* Resources */,
			);
			buildRules = (
			);
			dependencies = (
			);
			name = MovieRama;
			productName = MovieRama;
			productReference = 3441C5112AE562890025DDE0 /* MovieRama.app */;
			productType = "com.apple.product-type.application";
		};
		3441C5262AE5628C0025DDE0 /* MovieRamaTests */ = {
			isa = PBXNativeTarget;
			buildConfigurationList = 3441C53E2AE5628C0025DDE0 /* Build configuration list for PBXNativeTarget "MovieRamaTests" */;
			buildPhases = (
				3441C5232AE5628C0025DDE0 /* Sources */,
				3441C5242AE5628C0025DDE0 /* Frameworks */,
				3441C5252AE5628C0025DDE0 /* Resources */,
			);
			buildRules = (
			);
			dependencies = (
				3441C5292AE5628C0025DDE0 /* PBXTargetDependency */,
			);
			name = MovieRamaTests;
			productName = MovieRamaTests;
			productReference = 3441C5272AE5628C0025DDE0 /* MovieRamaTests.xctest */;
			productType = "com.apple.product-type.bundle.unit-test";
		};
		3441C5302AE5628C0025DDE0 /* MovieRamaUITests */ = {
			isa = PBXNativeTarget;
			buildConfigurationList = 3441C5412AE5628C0025DDE0 /* Build configuration list for PBXNativeTarget "MovieRamaUITests" */;
			buildPhases = (
				3441C52D2AE5628C0025DDE0 /* Sources */,
				3441C52E2AE5628C0025DDE0 /* Frameworks */,
				3441C52F2AE5628C0025DDE0 /* Resources */,
			);
			buildRules = (
			);
			dependencies = (
				3441C5332AE5628C0025DDE0 /* PBXTargetDependency */,
			);
			name = MovieRamaUITests;
			productName = MovieRamaUITests;
			productReference = 3441C5312AE5628C0025DDE0 /* MovieRamaUITests.xctest */;
			productType = "com.apple.product-type.bundle.ui-testing";
		};
/* End PBXNativeTarget section */

/* Begin PBXProject section */
		3441C5092AE562890025DDE0 /* Project object */ = {
			isa = PBXProject;
			attributes = {
				BuildIndependentTargetsInParallel = 1;
				LastSwiftUpdateCheck = 1430;
				LastUpgradeCheck = 1430;
				TargetAttributes = {
					3441C5102AE562890025DDE0 = {
						CreatedOnToolsVersion = 14.3.1;
					};
					3441C5262AE5628C0025DDE0 = {
						CreatedOnToolsVersion = 14.3.1;
						TestTargetID = 3441C5102AE562890025DDE0;
					};
					3441C5302AE5628C0025DDE0 = {
						CreatedOnToolsVersion = 14.3.1;
						TestTargetID = 3441C5102AE562890025DDE0;
					};
				};
			};
			buildConfigurationList = 3441C50C2AE562890025DDE0 /* Build configuration list for PBXProject "MovieRama" */;
			compatibilityVersion = "Xcode 14.0";
			developmentRegion = en;
			hasScannedForEncodings = 0;
			knownRegions = (
				en,
				Base,
			);
			mainGroup = 3441C5082AE562890025DDE0;
			productRefGroup = 3441C5122AE562890025DDE0 /* Products */;
			projectDirPath = "";
			projectRoot = "";
			targets = (
				3441C5102AE562890025DDE0 /* MovieRama */,
				3441C5262AE5628C0025DDE0 /* MovieRamaTests */,
				3441C5302AE5628C0025DDE0 /* MovieRamaUITests */,
			);
		};
/* End PBXProject section */

/* Begin PBXResourcesBuildPhase section */
		3441C50F2AE562890025DDE0 /* Resources */ = {
			isa = PBXResourcesBuildPhase;
			buildActionMask = 2147483647;
			files = (
				3441C5492AE563620025DDE0 /* MovieListViewController.xib in Resources */,
				3441C5532AE590DA0025DDE0 /* RatingView.xib in Resources */,
				3441C5212AE5628B0025DDE0 /* LaunchScreen.storyboard in Resources */,
				3441C54E2AE58DAE0025DDE0 /* MovieTableViewCell.xib in Resources */,
				343308952AEE4B0E006FEEBA /* MovieDetailsViewController.xib in Resources */,
				3441C51E2AE5628B0025DDE0 /* Assets.xcassets in Resources */,
				343308AD2AEE6926006FEEBA /* FavoriteView.xib in Resources */,
				343308A02AEE4F4A006FEEBA /* DetailCustomView.xib in Resources */,
				34659E062AE9CD1E002E92B3 /* LoadingTableViewCell.xib in Resources */,
				343308A82AEE5C39006FEEBA /* SimilarMovieCollectionViewCell.xib in Resources */,
			);
			runOnlyForDeploymentPostprocessing = 0;
		};
		3441C5252AE5628C0025DDE0 /* Resources */ = {
			isa = PBXResourcesBuildPhase;
			buildActionMask = 2147483647;
			files = (
			);
			runOnlyForDeploymentPostprocessing = 0;
		};
		3441C52F2AE5628C0025DDE0 /* Resources */ = {
			isa = PBXResourcesBuildPhase;
			buildActionMask = 2147483647;
			files = (
			);
			runOnlyForDeploymentPostprocessing = 0;
		};
/* End PBXResourcesBuildPhase section */

/* Begin PBXSourcesBuildPhase section */
		3441C50D2AE562890025DDE0 /* Sources */ = {
			isa = PBXSourcesBuildPhase;
			buildActionMask = 2147483647;
			files = (
				343308882AED143D006FEEBA /* DateUtilities.swift in Sources */,
				343308A32AEE532C006FEEBA /* DetailFieldValues.swift in Sources */,
				34659E052AE9CD1E002E92B3 /* LoadingTableViewCell.swift in Sources */,
				343308942AEE4B0E006FEEBA /* MovieDetailsViewController.swift in Sources */,
				3441C5562AE593D60025DDE0 /* MovieRamaEnums.swift in Sources */,
				3441C5482AE563620025DDE0 /* MovieListViewController.swift in Sources */,
				3441C5652AE5CF910025DDE0 /* StarView.swift in Sources */,
				343308A72AEE5C39006FEEBA /* SimilarMovieCollectionViewCell.swift in Sources */,
				343308972AEE4BB8006FEEBA /* MovieDetailsIntents.swift in Sources */,
				3441C55F2AE5C5D40025DDE0 /* MovieListIntents.swift in Sources */,
				3433088C2AED43DF006FEEBA /* PaginationResult.swift in Sources */,
				343308822AED0AAB006FEEBA /* ApiGetMoviesResponse.swift in Sources */,
				3433089D2AEE4F2F006FEEBA /* DetailCustomView.swift in Sources */,
				3441C5152AE562890025DDE0 /* AppDelegate.swift in Sources */,
				343308862AED0F7A006FEEBA /* GetMoviesResponse.swift in Sources */,
				3441C5582AE594520025DDE0 /* MovieRamaConstants.swift in Sources */,
				343308AA2AEE690A006FEEBA /* FavoriteView.swift in Sources */,
				3441C5612AE5C5E10025DDE0 /* MovieListStates.swift in Sources */,
				3433087A2AED0627006FEEBA /* MovieRamaRest.swift in Sources */,
				3433089B2AEE4BE9006FEEBA /* MovieDetailsViewModel.swift in Sources */,
				3441C55C2AE5BB5A0025DDE0 /* MovieRamaHelper.swift in Sources */,
				34659DF92AE98A99002E92B3 /* MovieRamaSingleton.swift in Sources */,
				3429C6E92AE6E99300EF71C9 /* MovieListPagination.swift in Sources */,
				3441C54D2AE58DAE0025DDE0 /* MovieTableViewCell.swift in Sources */,
				343B8ED02AE8244100DA63D4 /* SplashScreenViewController.swift in Sources */,
				343308812AED0AAB006FEEBA /* ApiMovie.swift in Sources */,
				343308992AEE4BDC006FEEBA /* MovieDetailsStates.swift in Sources */,
				3441C5512AE590CD0025DDE0 /* RatingView.swift in Sources */,
				3441C55A2AE5A97D0025DDE0 /* Movie.swift in Sources */,
				343308842AED0B65006FEEBA /* PopularMoviesTransformer.swift in Sources */,
				3429C6E72AE6D7BC00EF71C9 /* MovieRamaExtensions.swift in Sources */,
				3441C5172AE562890025DDE0 /* SceneDelegate.swift in Sources */,
				3441C5632AE5C5EC0025DDE0 /* MovieListViewModel.swift in Sources */,
			);
			runOnlyForDeploymentPostprocessing = 0;
		};
		3441C5232AE5628C0025DDE0 /* Sources */ = {
			isa = PBXSourcesBuildPhase;
			buildActionMask = 2147483647;
			files = (
				3441C52C2AE5628C0025DDE0 /* MovieRamaTests.swift in Sources */,
			);
			runOnlyForDeploymentPostprocessing = 0;
		};
		3441C52D2AE5628C0025DDE0 /* Sources */ = {
			isa = PBXSourcesBuildPhase;
			buildActionMask = 2147483647;
			files = (
				3441C5382AE5628C0025DDE0 /* MovieRamaUITestsLaunchTests.swift in Sources */,
				3441C5362AE5628C0025DDE0 /* MovieRamaUITests.swift in Sources */,
			);
			runOnlyForDeploymentPostprocessing = 0;
		};
/* End PBXSourcesBuildPhase section */

/* Begin PBXTargetDependency section */
		3441C5292AE5628C0025DDE0 /* PBXTargetDependency */ = {
			isa = PBXTargetDependency;
			target = 3441C5102AE562890025DDE0 /* MovieRama */;
			targetProxy = 3441C5282AE5628C0025DDE0 /* PBXContainerItemProxy */;
		};
		3441C5332AE5628C0025DDE0 /* PBXTargetDependency */ = {
			isa = PBXTargetDependency;
			target = 3441C5102AE562890025DDE0 /* MovieRama */;
			targetProxy = 3441C5322AE5628C0025DDE0 /* PBXContainerItemProxy */;
		};
/* End PBXTargetDependency section */

/* Begin PBXVariantGroup section */
		3441C51F2AE5628B0025DDE0 /* LaunchScreen.storyboard */ = {
			isa = PBXVariantGroup;
			children = (
				3441C5202AE5628B0025DDE0 /* Base */,
			);
			name = LaunchScreen.storyboard;
			sourceTree = "<group>";
		};
/* End PBXVariantGroup section */

/* Begin XCBuildConfiguration section */
		3441C5392AE5628C0025DDE0 /* Debug */ = {
			isa = XCBuildConfiguration;
			buildSettings = {
				ALWAYS_SEARCH_USER_PATHS = NO;
				CLANG_ANALYZER_NONNULL = YES;
				CLANG_ANALYZER_NUMBER_OBJECT_CONVERSION = YES_AGGRESSIVE;
				CLANG_CXX_LANGUAGE_STANDARD = "gnu++20";
				CLANG_ENABLE_MODULES = YES;
				CLANG_ENABLE_OBJC_ARC = YES;
				CLANG_ENABLE_OBJC_WEAK = YES;
				CLANG_WARN_BLOCK_CAPTURE_AUTORELEASING = YES;
				CLANG_WARN_BOOL_CONVERSION = YES;
				CLANG_WARN_COMMA = YES;
				CLANG_WARN_CONSTANT_CONVERSION = YES;
				CLANG_WARN_DEPRECATED_OBJC_IMPLEMENTATIONS = YES;
				CLANG_WARN_DIRECT_OBJC_ISA_USAGE = YES_ERROR;
				CLANG_WARN_DOCUMENTATION_COMMENTS = YES;
				CLANG_WARN_EMPTY_BODY = YES;
				CLANG_WARN_ENUM_CONVERSION = YES;
				CLANG_WARN_INFINITE_RECURSION = YES;
				CLANG_WARN_INT_CONVERSION = YES;
				CLANG_WARN_NON_LITERAL_NULL_CONVERSION = YES;
				CLANG_WARN_OBJC_IMPLICIT_RETAIN_SELF = YES;
				CLANG_WARN_OBJC_LITERAL_CONVERSION = YES;
				CLANG_WARN_OBJC_ROOT_CLASS = YES_ERROR;
				CLANG_WARN_QUOTED_INCLUDE_IN_FRAMEWORK_HEADER = YES;
				CLANG_WARN_RANGE_LOOP_ANALYSIS = YES;
				CLANG_WARN_STRICT_PROTOTYPES = YES;
				CLANG_WARN_SUSPICIOUS_MOVE = YES;
				CLANG_WARN_UNGUARDED_AVAILABILITY = YES_AGGRESSIVE;
				CLANG_WARN_UNREACHABLE_CODE = YES;
				CLANG_WARN__DUPLICATE_METHOD_MATCH = YES;
				COPY_PHASE_STRIP = NO;
				DEBUG_INFORMATION_FORMAT = dwarf;
				ENABLE_STRICT_OBJC_MSGSEND = YES;
				ENABLE_TESTABILITY = YES;
				GCC_C_LANGUAGE_STANDARD = gnu11;
				GCC_DYNAMIC_NO_PIC = NO;
				GCC_NO_COMMON_BLOCKS = YES;
				GCC_OPTIMIZATION_LEVEL = 0;
				GCC_PREPROCESSOR_DEFINITIONS = (
					"DEBUG=1",
					"$(inherited)",
				);
				GCC_WARN_64_TO_32_BIT_CONVERSION = YES;
				GCC_WARN_ABOUT_RETURN_TYPE = YES_ERROR;
				GCC_WARN_UNDECLARED_SELECTOR = YES;
				GCC_WARN_UNINITIALIZED_AUTOS = YES_AGGRESSIVE;
				GCC_WARN_UNUSED_FUNCTION = YES;
				GCC_WARN_UNUSED_VARIABLE = YES;
				IPHONEOS_DEPLOYMENT_TARGET = 13.0;
				MTL_ENABLE_DEBUG_INFO = INCLUDE_SOURCE;
				MTL_FAST_MATH = YES;
				ONLY_ACTIVE_ARCH = YES;
				SDKROOT = iphoneos;
				SWIFT_ACTIVE_COMPILATION_CONDITIONS = DEBUG;
				SWIFT_OPTIMIZATION_LEVEL = "-Onone";
			};
			name = Debug;
		};
		3441C53A2AE5628C0025DDE0 /* Release */ = {
			isa = XCBuildConfiguration;
			buildSettings = {
				ALWAYS_SEARCH_USER_PATHS = NO;
				CLANG_ANALYZER_NONNULL = YES;
				CLANG_ANALYZER_NUMBER_OBJECT_CONVERSION = YES_AGGRESSIVE;
				CLANG_CXX_LANGUAGE_STANDARD = "gnu++20";
				CLANG_ENABLE_MODULES = YES;
				CLANG_ENABLE_OBJC_ARC = YES;
				CLANG_ENABLE_OBJC_WEAK = YES;
				CLANG_WARN_BLOCK_CAPTURE_AUTORELEASING = YES;
				CLANG_WARN_BOOL_CONVERSION = YES;
				CLANG_WARN_COMMA = YES;
				CLANG_WARN_CONSTANT_CONVERSION = YES;
				CLANG_WARN_DEPRECATED_OBJC_IMPLEMENTATIONS = YES;
				CLANG_WARN_DIRECT_OBJC_ISA_USAGE = YES_ERROR;
				CLANG_WARN_DOCUMENTATION_COMMENTS = YES;
				CLANG_WARN_EMPTY_BODY = YES;
				CLANG_WARN_ENUM_CONVERSION = YES;
				CLANG_WARN_INFINITE_RECURSION = YES;
				CLANG_WARN_INT_CONVERSION = YES;
				CLANG_WARN_NON_LITERAL_NULL_CONVERSION = YES;
				CLANG_WARN_OBJC_IMPLICIT_RETAIN_SELF = YES;
				CLANG_WARN_OBJC_LITERAL_CONVERSION = YES;
				CLANG_WARN_OBJC_ROOT_CLASS = YES_ERROR;
				CLANG_WARN_QUOTED_INCLUDE_IN_FRAMEWORK_HEADER = YES;
				CLANG_WARN_RANGE_LOOP_ANALYSIS = YES;
				CLANG_WARN_STRICT_PROTOTYPES = YES;
				CLANG_WARN_SUSPICIOUS_MOVE = YES;
				CLANG_WARN_UNGUARDED_AVAILABILITY = YES_AGGRESSIVE;
				CLANG_WARN_UNREACHABLE_CODE = YES;
				CLANG_WARN__DUPLICATE_METHOD_MATCH = YES;
				COPY_PHASE_STRIP = NO;
				DEBUG_INFORMATION_FORMAT = "dwarf-with-dsym";
				ENABLE_NS_ASSERTIONS = NO;
				ENABLE_STRICT_OBJC_MSGSEND = YES;
				GCC_C_LANGUAGE_STANDARD = gnu11;
				GCC_NO_COMMON_BLOCKS = YES;
				GCC_WARN_64_TO_32_BIT_CONVERSION = YES;
				GCC_WARN_ABOUT_RETURN_TYPE = YES_ERROR;
				GCC_WARN_UNDECLARED_SELECTOR = YES;
				GCC_WARN_UNINITIALIZED_AUTOS = YES_AGGRESSIVE;
				GCC_WARN_UNUSED_FUNCTION = YES;
				GCC_WARN_UNUSED_VARIABLE = YES;
				IPHONEOS_DEPLOYMENT_TARGET = 13.0;
				MTL_ENABLE_DEBUG_INFO = NO;
				MTL_FAST_MATH = YES;
				SDKROOT = iphoneos;
				SWIFT_COMPILATION_MODE = wholemodule;
				SWIFT_OPTIMIZATION_LEVEL = "-O";
				VALIDATE_PRODUCT = YES;
			};
			name = Release;
		};
		3441C53C2AE5628C0025DDE0 /* Debug */ = {
			isa = XCBuildConfiguration;
			buildSettings = {
				ASSETCATALOG_COMPILER_APPICON_NAME = AppIcon;
				ASSETCATALOG_COMPILER_GLOBAL_ACCENT_COLOR_NAME = AccentColor;
				CODE_SIGN_STYLE = Automatic;
				CURRENT_PROJECT_VERSION = 1;
				DEVELOPMENT_TEAM = 5JDN83SF7P;
				GENERATE_INFOPLIST_FILE = YES;
				INFOPLIST_FILE = MovieRama/Info.plist;
				INFOPLIST_KEY_UIApplicationSupportsIndirectInputEvents = YES;
				INFOPLIST_KEY_UILaunchStoryboardName = LaunchScreen;
				INFOPLIST_KEY_UISupportedInterfaceOrientations = UIInterfaceOrientationPortrait;
				INFOPLIST_KEY_UISupportedInterfaceOrientations_iPad = "UIInterfaceOrientationLandscapeLeft UIInterfaceOrientationLandscapeRight UIInterfaceOrientationPortrait UIInterfaceOrientationPortraitUpsideDown";
				LD_RUNPATH_SEARCH_PATHS = (
					"$(inherited)",
					"@executable_path/Frameworks",
				);
				MARKETING_VERSION = 1.0;
				PRODUCT_BUNDLE_IDENTIFIER = com.didimimimi.MovieRama;
				PRODUCT_NAME = "$(TARGET_NAME)";
				SWIFT_EMIT_LOC_STRINGS = YES;
				SWIFT_VERSION = 5.0;
				TARGETED_DEVICE_FAMILY = "1,2";
			};
			name = Debug;
		};
		3441C53D2AE5628C0025DDE0 /* Release */ = {
			isa = XCBuildConfiguration;
			buildSettings = {
				ASSETCATALOG_COMPILER_APPICON_NAME = AppIcon;
				ASSETCATALOG_COMPILER_GLOBAL_ACCENT_COLOR_NAME = AccentColor;
				CODE_SIGN_STYLE = Automatic;
				CURRENT_PROJECT_VERSION = 1;
				DEVELOPMENT_TEAM = 5JDN83SF7P;
				GENERATE_INFOPLIST_FILE = YES;
				INFOPLIST_FILE = MovieRama/Info.plist;
				INFOPLIST_KEY_UIApplicationSupportsIndirectInputEvents = YES;
				INFOPLIST_KEY_UILaunchStoryboardName = LaunchScreen;
				INFOPLIST_KEY_UISupportedInterfaceOrientations = UIInterfaceOrientationPortrait;
				INFOPLIST_KEY_UISupportedInterfaceOrientations_iPad = "UIInterfaceOrientationLandscapeLeft UIInterfaceOrientationLandscapeRight UIInterfaceOrientationPortrait UIInterfaceOrientationPortraitUpsideDown";
				LD_RUNPATH_SEARCH_PATHS = (
					"$(inherited)",
					"@executable_path/Frameworks",
				);
				MARKETING_VERSION = 1.0;
				PRODUCT_BUNDLE_IDENTIFIER = com.didimimimi.MovieRama;
				PRODUCT_NAME = "$(TARGET_NAME)";
				SWIFT_EMIT_LOC_STRINGS = YES;
				SWIFT_VERSION = 5.0;
				TARGETED_DEVICE_FAMILY = "1,2";
			};
			name = Release;
		};
		3441C53F2AE5628C0025DDE0 /* Debug */ = {
			isa = XCBuildConfiguration;
			buildSettings = {
				ALWAYS_EMBED_SWIFT_STANDARD_LIBRARIES = YES;
				BUNDLE_LOADER = "$(TEST_HOST)";
				CODE_SIGN_STYLE = Automatic;
				CURRENT_PROJECT_VERSION = 1;
				DEVELOPMENT_TEAM = 5JDN83SF7P;
				GENERATE_INFOPLIST_FILE = YES;
				IPHONEOS_DEPLOYMENT_TARGET = 13.0;
				MARKETING_VERSION = 1.0;
				PRODUCT_BUNDLE_IDENTIFIER = com.didimimimi.MovieRamaTests;
				PRODUCT_NAME = "$(TARGET_NAME)";
				SWIFT_EMIT_LOC_STRINGS = NO;
				SWIFT_VERSION = 5.0;
				TARGETED_DEVICE_FAMILY = "1,2";
				TEST_HOST = "$(BUILT_PRODUCTS_DIR)/MovieRama.app/$(BUNDLE_EXECUTABLE_FOLDER_PATH)/MovieRama";
			};
			name = Debug;
		};
		3441C5402AE5628C0025DDE0 /* Release */ = {
			isa = XCBuildConfiguration;
			buildSettings = {
				ALWAYS_EMBED_SWIFT_STANDARD_LIBRARIES = YES;
				BUNDLE_LOADER = "$(TEST_HOST)";
				CODE_SIGN_STYLE = Automatic;
				CURRENT_PROJECT_VERSION = 1;
				DEVELOPMENT_TEAM = 5JDN83SF7P;
				GENERATE_INFOPLIST_FILE = YES;
				IPHONEOS_DEPLOYMENT_TARGET = 13.0;
				MARKETING_VERSION = 1.0;
				PRODUCT_BUNDLE_IDENTIFIER = com.didimimimi.MovieRamaTests;
				PRODUCT_NAME = "$(TARGET_NAME)";
				SWIFT_EMIT_LOC_STRINGS = NO;
				SWIFT_VERSION = 5.0;
				TARGETED_DEVICE_FAMILY = "1,2";
				TEST_HOST = "$(BUILT_PRODUCTS_DIR)/MovieRama.app/$(BUNDLE_EXECUTABLE_FOLDER_PATH)/MovieRama";
			};
			name = Release;
		};
		3441C5422AE5628C0025DDE0 /* Debug */ = {
			isa = XCBuildConfiguration;
			buildSettings = {
				ALWAYS_EMBED_SWIFT_STANDARD_LIBRARIES = YES;
				CODE_SIGN_STYLE = Automatic;
				CURRENT_PROJECT_VERSION = 1;
				DEVELOPMENT_TEAM = 5JDN83SF7P;
				GENERATE_INFOPLIST_FILE = YES;
				MARKETING_VERSION = 1.0;
				PRODUCT_BUNDLE_IDENTIFIER = com.didimimimi.MovieRamaUITests;
				PRODUCT_NAME = "$(TARGET_NAME)";
				SWIFT_EMIT_LOC_STRINGS = NO;
				SWIFT_VERSION = 5.0;
				TARGETED_DEVICE_FAMILY = "1,2";
				TEST_TARGET_NAME = MovieRama;
			};
			name = Debug;
		};
		3441C5432AE5628C0025DDE0 /* Release */ = {
			isa = XCBuildConfiguration;
			buildSettings = {
				ALWAYS_EMBED_SWIFT_STANDARD_LIBRARIES = YES;
				CODE_SIGN_STYLE = Automatic;
				CURRENT_PROJECT_VERSION = 1;
				DEVELOPMENT_TEAM = 5JDN83SF7P;
				GENERATE_INFOPLIST_FILE = YES;
				MARKETING_VERSION = 1.0;
				PRODUCT_BUNDLE_IDENTIFIER = com.didimimimi.MovieRamaUITests;
				PRODUCT_NAME = "$(TARGET_NAME)";
				SWIFT_EMIT_LOC_STRINGS = NO;
				SWIFT_VERSION = 5.0;
				TARGETED_DEVICE_FAMILY = "1,2";
				TEST_TARGET_NAME = MovieRama;
			};
			name = Release;
		};
/* End XCBuildConfiguration section */

/* Begin XCConfigurationList section */
		3441C50C2AE562890025DDE0 /* Build configuration list for PBXProject "MovieRama" */ = {
			isa = XCConfigurationList;
			buildConfigurations = (
				3441C5392AE5628C0025DDE0 /* Debug */,
				3441C53A2AE5628C0025DDE0 /* Release */,
			);
			defaultConfigurationIsVisible = 0;
			defaultConfigurationName = Release;
		};
		3441C53B2AE5628C0025DDE0 /* Build configuration list for PBXNativeTarget "MovieRama" */ = {
			isa = XCConfigurationList;
			buildConfigurations = (
				3441C53C2AE5628C0025DDE0 /* Debug */,
				3441C53D2AE5628C0025DDE0 /* Release */,
			);
			defaultConfigurationIsVisible = 0;
			defaultConfigurationName = Release;
		};
		3441C53E2AE5628C0025DDE0 /* Build configuration list for PBXNativeTarget "MovieRamaTests" */ = {
			isa = XCConfigurationList;
			buildConfigurations = (
				3441C53F2AE5628C0025DDE0 /* Debug */,
				3441C5402AE5628C0025DDE0 /* Release */,
			);
			defaultConfigurationIsVisible = 0;
			defaultConfigurationName = Release;
		};
		3441C5412AE5628C0025DDE0 /* Build configuration list for PBXNativeTarget "MovieRamaUITests" */ = {
			isa = XCConfigurationList;
			buildConfigurations = (
				3441C5422AE5628C0025DDE0 /* Debug */,
				3441C5432AE5628C0025DDE0 /* Release */,
			);
			defaultConfigurationIsVisible = 0;
			defaultConfigurationName = Release;
		};
/* End XCConfigurationList section */
	};
	rootObject = 3441C5092AE562890025DDE0 /* Project object */;
}
